// !$*UTF8*$!
{
	archiveVersion = 1;
	classes = {
	};
	objectVersion = 56;
	objects = {

/* Begin PBXBuildFile section */
		68F883E72BD8E47400E8B4A0 /* DesignThePhotoImageApp.swift in Sources */ = {isa = PBXBuildFile; fileRef = 68F883E62BD8E47400E8B4A0 /* DesignThePhotoImageApp.swift */; };
		68F883E92BD8E47400E8B4A0 /* ContentView.swift in Sources */ = {isa = PBXBuildFile; fileRef = 68F883E82BD8E47400E8B4A0 /* ContentView.swift */; };
		68F883EB2BD8E47500E8B4A0 /* Assets.xcassets in Resources */ = {isa = PBXBuildFile; fileRef = 68F883EA2BD8E47500E8B4A0 /* Assets.xcassets */; };
		68F883EE2BD8E47500E8B4A0 /* Preview Assets.xcassets in Resources */ = {isa = PBXBuildFile; fileRef = 68F883ED2BD8E47500E8B4A0 /* Preview Assets.xcassets */; };
		68F883F52BD8EDC400E8B4A0 /* ImageEditView.swift in Sources */ = {isa = PBXBuildFile; fileRef = 68F883F42BD8EDC400E8B4A0 /* ImageEditView.swift */; };
		68F883F72BD9116700E8B4A0 /* ImageViewModel.swift in Sources */ = {isa = PBXBuildFile; fileRef = 68F883F62BD9116700E8B4A0 /* ImageViewModel.swift */; };
		68F883F92BD96C9800E8B4A0 /* ImageCaptureViewModel.swift in Sources */ = {isa = PBXBuildFile; fileRef = 68F883F82BD96C9800E8B4A0 /* ImageCaptureViewModel.swift */; };
		68F883FD2BD9811A00E8B4A0 /* ColorFilterStyleView.swift in Sources */ = {isa = PBXBuildFile; fileRef = 68F883FC2BD9811A00E8B4A0 /* ColorFilterStyleView.swift */; };
		68F884002BD9846700E8B4A0 /* ImageEditViewExtension.swift in Sources */ = {isa = PBXBuildFile; fileRef = 68F883FF2BD9846700E8B4A0 /* ImageEditViewExtension.swift */; };
		68F884032BD9FE6E00E8B4A0 /* ColorHelpers.swift in Sources */ = {isa = PBXBuildFile; fileRef = 68F884022BD9FE6E00E8B4A0 /* ColorHelpers.swift */; };
/* End PBXBuildFile section */

/* Begin PBXFileReference section */
		68F883E32BD8E47400E8B4A0 /* DesignThePhotoImage.app */ = {isa = PBXFileReference; explicitFileType = wrapper.application; includeInIndex = 0; path = DesignThePhotoImage.app; sourceTree = BUILT_PRODUCTS_DIR; };
		68F883E62BD8E47400E8B4A0 /* DesignThePhotoImageApp.swift */ = {isa = PBXFileReference; lastKnownFileType = sourcecode.swift; path = DesignThePhotoImageApp.swift; sourceTree = "<group>"; };
		68F883E82BD8E47400E8B4A0 /* ContentView.swift */ = {isa = PBXFileReference; lastKnownFileType = sourcecode.swift; path = ContentView.swift; sourceTree = "<group>"; };
		68F883EA2BD8E47500E8B4A0 /* Assets.xcassets */ = {isa = PBXFileReference; lastKnownFileType = folder.assetcatalog; path = Assets.xcassets; sourceTree = "<group>"; };
		68F883ED2BD8E47500E8B4A0 /* Preview Assets.xcassets */ = {isa = PBXFileReference; lastKnownFileType = folder.assetcatalog; path = "Preview Assets.xcassets"; sourceTree = "<group>"; };
		68F883F42BD8EDC400E8B4A0 /* ImageEditView.swift */ = {isa = PBXFileReference; lastKnownFileType = sourcecode.swift; path = ImageEditView.swift; sourceTree = "<group>"; };
		68F883F62BD9116700E8B4A0 /* ImageViewModel.swift */ = {isa = PBXFileReference; lastKnownFileType = sourcecode.swift; path = ImageViewModel.swift; sourceTree = "<group>"; };
		68F883F82BD96C9800E8B4A0 /* ImageCaptureViewModel.swift */ = {isa = PBXFileReference; lastKnownFileType = sourcecode.swift; path = ImageCaptureViewModel.swift; sourceTree = "<group>"; };
		68F883FC2BD9811A00E8B4A0 /* ColorFilterStyleView.swift */ = {isa = PBXFileReference; lastKnownFileType = sourcecode.swift; path = ColorFilterStyleView.swift; sourceTree = "<group>"; };
		68F883FF2BD9846700E8B4A0 /* ImageEditViewExtension.swift */ = {isa = PBXFileReference; lastKnownFileType = sourcecode.swift; path = ImageEditViewExtension.swift; sourceTree = "<group>"; };
		68F884022BD9FE6E00E8B4A0 /* ColorHelpers.swift */ = {isa = PBXFileReference; lastKnownFileType = sourcecode.swift; path = ColorHelpers.swift; sourceTree = "<group>"; };
/* End PBXFileReference section */

/* Begin PBXFrameworksBuildPhase section */
		68F883E02BD8E47400E8B4A0 /* Frameworks */ = {
			isa = PBXFrameworksBuildPhase;
			buildActionMask = 2147483647;
			files = (
			);
			runOnlyForDeploymentPostprocessing = 0;
		};
/* End PBXFrameworksBuildPhase section */

/* Begin PBXGroup section */
		68F883DA2BD8E47300E8B4A0 = {
			isa = PBXGroup;
			children = (
				68F883E52BD8E47400E8B4A0 /* DesignThePhotoImage */,
				68F883E42BD8E47400E8B4A0 /* Products */,
			);
			sourceTree = "<group>";
		};
		68F883E42BD8E47400E8B4A0 /* Products */ = {
			isa = PBXGroup;
			children = (
				68F883E32BD8E47400E8B4A0 /* DesignThePhotoImage.app */,
			);
			name = Products;
			sourceTree = "<group>";
		};
		68F883E52BD8E47400E8B4A0 /* DesignThePhotoImage */ = {
			isa = PBXGroup;
			children = (
				68F884042BDA04C800E8B4A0 /* ViewModel */,
				68F884012BD9FE5E00E8B4A0 /* Helpers */,
				68F883FE2BD9842900E8B4A0 /* View */,
				68F883E62BD8E47400E8B4A0 /* DesignThePhotoImageApp.swift */,
				68F883EA2BD8E47500E8B4A0 /* Assets.xcassets */,
				68F883EC2BD8E47500E8B4A0 /* Preview Content */,
			);
			path = DesignThePhotoImage;
			sourceTree = "<group>";
		};
		68F883EC2BD8E47500E8B4A0 /* Preview Content */ = {
			isa = PBXGroup;
			children = (
				68F883ED2BD8E47500E8B4A0 /* Preview Assets.xcassets */,
			);
			path = "Preview Content";
			sourceTree = "<group>";
		};
		68F883FE2BD9842900E8B4A0 /* View */ = {
			isa = PBXGroup;
			children = (
				68F883E82BD8E47400E8B4A0 /* ContentView.swift */,
				68F883FC2BD9811A00E8B4A0 /* ColorFilterStyleView.swift */,
				68F883F42BD8EDC400E8B4A0 /* ImageEditView.swift */,
				68F883FF2BD9846700E8B4A0 /* ImageEditViewExtension.swift */,
			);
			path = View;
			sourceTree = "<group>";
		};
		68F884012BD9FE5E00E8B4A0 /* Helpers */ = {
			isa = PBXGroup;
			children = (
				68F883F62BD9116700E8B4A0 /* ImageViewModel.swift */,
				68F884022BD9FE6E00E8B4A0 /* ColorHelpers.swift */,
			);
			path = Helpers;
			sourceTree = "<group>";
		};
		68F884042BDA04C800E8B4A0 /* ViewModel */ = {
			isa = PBXGroup;
			children = (
				68F883F82BD96C9800E8B4A0 /* ImageCaptureViewModel.swift */,
			);
			path = ViewModel;
			sourceTree = "<group>";
		};
/* End PBXGroup section */

/* Begin PBXNativeTarget section */
		68F883E22BD8E47400E8B4A0 /* DesignThePhotoImage */ = {
			isa = PBXNativeTarget;
			buildConfigurationList = 68F883F12BD8E47500E8B4A0 /* Build configuration list for PBXNativeTarget "DesignThePhotoImage" */;
			buildPhases = (
				68F883DF2BD8E47400E8B4A0 /* Sources */,
				68F883E02BD8E47400E8B4A0 /* Frameworks */,
				68F883E12BD8E47400E8B4A0 /* Resources */,
			);
			buildRules = (
			);
			dependencies = (
			);
			name = DesignThePhotoImage;
			productName = DesignThePhotoImage;
			productReference = 68F883E32BD8E47400E8B4A0 /* DesignThePhotoImage.app */;
			productType = "com.apple.product-type.application";
		};
/* End PBXNativeTarget section */

/* Begin PBXProject section */
		68F883DB2BD8E47300E8B4A0 /* Project object */ = {
			isa = PBXProject;
			attributes = {
				BuildIndependentTargetsInParallel = 1;
				LastSwiftUpdateCheck = 1420;
				LastUpgradeCheck = 1420;
				TargetAttributes = {
					68F883E22BD8E47400E8B4A0 = {
						CreatedOnToolsVersion = 14.2;
					};
				};
			};
			buildConfigurationList = 68F883DE2BD8E47300E8B4A0 /* Build configuration list for PBXProject "DesignThePhotoImage" */;
			compatibilityVersion = "Xcode 14.0";
			developmentRegion = en;
			hasScannedForEncodings = 0;
			knownRegions = (
				en,
				Base,
			);
			mainGroup = 68F883DA2BD8E47300E8B4A0;
			productRefGroup = 68F883E42BD8E47400E8B4A0 /* Products */;
			projectDirPath = "";
			projectRoot = "";
			targets = (
				68F883E22BD8E47400E8B4A0 /* DesignThePhotoImage */,
			);
		};
/* End PBXProject section */

/* Begin PBXResourcesBuildPhase section */
		68F883E12BD8E47400E8B4A0 /* Resources */ = {
			isa = PBXResourcesBuildPhase;
			buildActionMask = 2147483647;
			files = (
				68F883EE2BD8E47500E8B4A0 /* Preview Assets.xcassets in Resources */,
				68F883EB2BD8E47500E8B4A0 /* Assets.xcassets in Resources */,
			);
			runOnlyForDeploymentPostprocessing = 0;
		};
/* End PBXResourcesBuildPhase section */

/* Begin PBXSourcesBuildPhase section */
		68F883DF2BD8E47400E8B4A0 /* Sources */ = {
			isa = PBXSourcesBuildPhase;
			buildActionMask = 2147483647;
			files = (
				68F883E92BD8E47400E8B4A0 /* ContentView.swift in Sources */,
				68F883F92BD96C9800E8B4A0 /* ImageCaptureViewModel.swift in Sources */,
				68F884002BD9846700E8B4A0 /* ImageEditViewExtension.swift in Sources */,
				68F883FD2BD9811A00E8B4A0 /* ColorFilterStyleView.swift in Sources */,
				68F883E72BD8E47400E8B4A0 /* DesignThePhotoImageApp.swift in Sources */,
				68F883F72BD9116700E8B4A0 /* ImageViewModel.swift in Sources */,
				68F883F52BD8EDC400E8B4A0 /* ImageEditView.swift in Sources */,
				68F884032BD9FE6E00E8B4A0 /* ColorHelpers.swift in Sources */,
			);
			runOnlyForDeploymentPostprocessing = 0;
		};
/* End PBXSourcesBuildPhase section */

/* Begin XCBuildConfiguration section */
		68F883EF2BD8E47500E8B4A0 /* Debug */ = {
			isa = XCBuildConfiguration;
			buildSettings = {
				ALWAYS_SEARCH_USER_PATHS = NO;
				CLANG_ANALYZER_NONNULL = YES;
				CLANG_ANALYZER_NUMBER_OBJECT_CONVERSION = YES_AGGRESSIVE;
				CLANG_CXX_LANGUAGE_STANDARD = "gnu++20";
				CLANG_ENABLE_MODULES = YES;
				CLANG_ENABLE_OBJC_ARC = YES;
				CLANG_ENABLE_OBJC_WEAK = YES;
				CLANG_WARN_BLOCK_CAPTURE_AUTORELEASING = YES;
				CLANG_WARN_BOOL_CONVERSION = YES;
				CLANG_WARN_COMMA = YES;
				CLANG_WARN_CONSTANT_CONVERSION = YES;
				CLANG_WARN_DEPRECATED_OBJC_IMPLEMENTATIONS = YES;
				CLANG_WARN_DIRECT_OBJC_ISA_USAGE = YES_ERROR;
				CLANG_WARN_DOCUMENTATION_COMMENTS = YES;
				CLANG_WARN_EMPTY_BODY = YES;
				CLANG_WARN_ENUM_CONVERSION = YES;
				CLANG_WARN_INFINITE_RECURSION = YES;
				CLANG_WARN_INT_CONVERSION = YES;
				CLANG_WARN_NON_LITERAL_NULL_CONVERSION = YES;
				CLANG_WARN_OBJC_IMPLICIT_RETAIN_SELF = YES;
				CLANG_WARN_OBJC_LITERAL_CONVERSION = YES;
				CLANG_WARN_OBJC_ROOT_CLASS = YES_ERROR;
				CLANG_WARN_QUOTED_INCLUDE_IN_FRAMEWORK_HEADER = YES;
				CLANG_WARN_RANGE_LOOP_ANALYSIS = YES;
				CLANG_WARN_STRICT_PROTOTYPES = YES;
				CLANG_WARN_SUSPICIOUS_MOVE = YES;
				CLANG_WARN_UNGUARDED_AVAILABILITY = YES_AGGRESSIVE;
				CLANG_WARN_UNREACHABLE_CODE = YES;
				CLANG_WARN__DUPLICATE_METHOD_MATCH = YES;
				COPY_PHASE_STRIP = NO;
				DEBUG_INFORMATION_FORMAT = dwarf;
				ENABLE_STRICT_OBJC_MSGSEND = YES;
				ENABLE_TESTABILITY = YES;
				GCC_C_LANGUAGE_STANDARD = gnu11;
				GCC_DYNAMIC_NO_PIC = NO;
				GCC_NO_COMMON_BLOCKS = YES;
				GCC_OPTIMIZATION_LEVEL = 0;
				GCC_PREPROCESSOR_DEFINITIONS = (
					"DEBUG=1",
					"$(inherited)",
				);
				GCC_WARN_64_TO_32_BIT_CONVERSION = YES;
				GCC_WARN_ABOUT_RETURN_TYPE = YES_ERROR;
				GCC_WARN_UNDECLARED_SELECTOR = YES;
				GCC_WARN_UNINITIALIZED_AUTOS = YES_AGGRESSIVE;
				GCC_WARN_UNUSED_FUNCTION = YES;
				GCC_WARN_UNUSED_VARIABLE = YES;
				IPHONEOS_DEPLOYMENT_TARGET = 16.2;
				MTL_ENABLE_DEBUG_INFO = INCLUDE_SOURCE;
				MTL_FAST_MATH = YES;
				ONLY_ACTIVE_ARCH = YES;
				SDKROOT = iphoneos;
				SWIFT_ACTIVE_COMPILATION_CONDITIONS = DEBUG;
				SWIFT_OPTIMIZATION_LEVEL = "-Onone";
			};
			name = Debug;
		};
		68F883F02BD8E47500E8B4A0 /* Release */ = {
			isa = XCBuildConfiguration;
			buildSettings = {
				ALWAYS_SEARCH_USER_PATHS = NO;
				CLANG_ANALYZER_NONNULL = YES;
				CLANG_ANALYZER_NUMBER_OBJECT_CONVERSION = YES_AGGRESSIVE;
				CLANG_CXX_LANGUAGE_STANDARD = "gnu++20";
				CLANG_ENABLE_MODULES = YES;
				CLANG_ENABLE_OBJC_ARC = YES;
				CLANG_ENABLE_OBJC_WEAK = YES;
				CLANG_WARN_BLOCK_CAPTURE_AUTORELEASING = YES;
				CLANG_WARN_BOOL_CONVERSION = YES;
				CLANG_WARN_COMMA = YES;
				CLANG_WARN_CONSTANT_CONVERSION = YES;
				CLANG_WARN_DEPRECATED_OBJC_IMPLEMENTATIONS = YES;
				CLANG_WARN_DIRECT_OBJC_ISA_USAGE = YES_ERROR;
				CLANG_WARN_DOCUMENTATION_COMMENTS = YES;
				CLANG_WARN_EMPTY_BODY = YES;
				CLANG_WARN_ENUM_CONVERSION = YES;
				CLANG_WARN_INFINITE_RECURSION = YES;
				CLANG_WARN_INT_CONVERSION = YES;
				CLANG_WARN_NON_LITERAL_NULL_CONVERSION = YES;
				CLANG_WARN_OBJC_IMPLICIT_RETAIN_SELF = YES;
				CLANG_WARN_OBJC_LITERAL_CONVERSION = YES;
				CLANG_WARN_OBJC_ROOT_CLASS = YES_ERROR;
				CLANG_WARN_QUOTED_INCLUDE_IN_FRAMEWORK_HEADER = YES;
				CLANG_WARN_RANGE_LOOP_ANALYSIS = YES;
				CLANG_WARN_STRICT_PROTOTYPES = YES;
				CLANG_WARN_SUSPICIOUS_MOVE = YES;
				CLANG_WARN_UNGUARDED_AVAILABILITY = YES_AGGRESSIVE;
				CLANG_WARN_UNREACHABLE_CODE = YES;
				CLANG_WARN__DUPLICATE_METHOD_MATCH = YES;
				COPY_PHASE_STRIP = NO;
				DEBUG_INFORMATION_FORMAT = "dwarf-with-dsym";
				ENABLE_NS_ASSERTIONS = NO;
				ENABLE_STRICT_OBJC_MSGSEND = YES;
				GCC_C_LANGUAGE_STANDARD = gnu11;
				GCC_NO_COMMON_BLOCKS = YES;
				GCC_WARN_64_TO_32_BIT_CONVERSION = YES;
				GCC_WARN_ABOUT_RETURN_TYPE = YES_ERROR;
				GCC_WARN_UNDECLARED_SELECTOR = YES;
				GCC_WARN_UNINITIALIZED_AUTOS = YES_AGGRESSIVE;
				GCC_WARN_UNUSED_FUNCTION = YES;
				GCC_WARN_UNUSED_VARIABLE = YES;
				IPHONEOS_DEPLOYMENT_TARGET = 16.2;
				MTL_ENABLE_DEBUG_INFO = NO;
				MTL_FAST_MATH = YES;
				SDKROOT = iphoneos;
				SWIFT_COMPILATION_MODE = wholemodule;
				SWIFT_OPTIMIZATION_LEVEL = "-O";
				VALIDATE_PRODUCT = YES;
			};
			name = Release;
		};
		68F883F22BD8E47500E8B4A0 /* Debug */ = {
			isa = XCBuildConfiguration;
			buildSettings = {
				ASSETCATALOG_COMPILER_APPICON_NAME = AppIcon;
				ASSETCATALOG_COMPILER_GLOBAL_ACCENT_COLOR_NAME = AccentColor;
				CODE_SIGN_STYLE = Automatic;
				CURRENT_PROJECT_VERSION = 1;
				DEVELOPMENT_ASSET_PATHS = "\"DesignThePhotoImage/Preview Content\"";
				ENABLE_PREVIEWS = YES;
				GENERATE_INFOPLIST_FILE = YES;
				INFOPLIST_KEY_NSCameraUsageDescription = "This app requires access to the camera.";
				INFOPLIST_KEY_NSPhotoLibraryUsageDescription = "This app requires access to the photo library.";
				INFOPLIST_KEY_UIApplicationSceneManifest_Generation = YES;
				INFOPLIST_KEY_UIApplicationSupportsIndirectInputEvents = YES;
				INFOPLIST_KEY_UILaunchScreen_Generation = YES;
				INFOPLIST_KEY_UISupportedInterfaceOrientations_iPad = "UIInterfaceOrientationPortrait UIInterfaceOrientationPortraitUpsideDown UIInterfaceOrientationLandscapeLeft UIInterfaceOrientationLandscapeRight";
				INFOPLIST_KEY_UISupportedInterfaceOrientations_iPhone = "UIInterfaceOrientationPortrait UIInterfaceOrientationLandscapeLeft UIInterfaceOrientationLandscapeRight";
				LD_RUNPATH_SEARCH_PATHS = (
					"$(inherited)",
					"@executable_path/Frameworks",
				);
				MARKETING_VERSION = 1.0;
				PRODUCT_BUNDLE_IDENTIFIER = com.learn.rentManagement.DesignThePhotoImage;
				PRODUCT_NAME = "$(TARGET_NAME)";
				SWIFT_EMIT_LOC_STRINGS = YES;
				SWIFT_VERSION = 5.0;
				TARGETED_DEVICE_FAMILY = "1,2";
			};
			name = Debug;
		};
		68F883F32BD8E47500E8B4A0 /* Release */ = {
			isa = XCBuildConfiguration;
			buildSettings = {
				ASSETCATALOG_COMPILER_APPICON_NAME = AppIcon;
				ASSETCATALOG_COMPILER_GLOBAL_ACCENT_COLOR_NAME = AccentColor;
				CODE_SIGN_STYLE = Automatic;
				CURRENT_PROJECT_VERSION = 1;
				DEVELOPMENT_ASSET_PATHS = "\"DesignThePhotoImage/Preview Content\"";
				ENABLE_PREVIEWS = YES;
				GENERATE_INFOPLIST_FILE = YES;
				INFOPLIST_KEY_NSCameraUsageDescription = "This app requires access to the camera.";
				INFOPLIST_KEY_NSPhotoLibraryUsageDescription = "This app requires access to the photo library.";
				INFOPLIST_KEY_UIApplicationSceneManifest_Generation = YES;
				INFOPLIST_KEY_UIApplicationSupportsIndirectInputEvents = YES;
				INFOPLIST_KEY_UILaunchScreen_Generation = YES;
				INFOPLIST_KEY_UISupportedInterfaceOrientations_iPad = "UIInterfaceOrientationPortrait UIInterfaceOrientationPortraitUpsideDown UIInterfaceOrientationLandscapeLeft UIInterfaceOrientationLandscapeRight";
				INFOPLIST_KEY_UISupportedInterfaceOrientations_iPhone = "UIInterfaceOrientationPortrait UIInterfaceOrientationLandscapeLeft UIInterfaceOrientationLandscapeRight";
				LD_RUNPATH_SEARCH_PATHS = (
					"$(inherited)",
					"@executable_path/Frameworks",
				);
				MARKETING_VERSION = 1.0;
				PRODUCT_BUNDLE_IDENTIFIER = com.learn.rentManagement.DesignThePhotoImage;
				PRODUCT_NAME = "$(TARGET_NAME)";
				SWIFT_EMIT_LOC_STRINGS = YES;
				SWIFT_VERSION = 5.0;
				TARGETED_DEVICE_FAMILY = "1,2";
			};
			name = Release;
		};
/* End XCBuildConfiguration section */

/* Begin XCConfigurationList section */
		68F883DE2BD8E47300E8B4A0 /* Build configuration list for PBXProject "DesignThePhotoImage" */ = {
			isa = XCConfigurationList;
			buildConfigurations = (
				68F883EF2BD8E47500E8B4A0 /* Debug */,
				68F883F02BD8E47500E8B4A0 /* Release */,
			);
			defaultConfigurationIsVisible = 0;
			defaultConfigurationName = Release;
		};
		68F883F12BD8E47500E8B4A0 /* Build configuration list for PBXNativeTarget "DesignThePhotoImage" */ = {
			isa = XCConfigurationList;
			buildConfigurations = (
				68F883F22BD8E47500E8B4A0 /* Debug */,
				68F883F32BD8E47500E8B4A0 /* Release */,
			);
			defaultConfigurationIsVisible = 0;
			defaultConfigurationName = Release;
		};
/* End XCConfigurationList section */
	};
	rootObject = 68F883DB2BD8E47300E8B4A0 /* Project object */;
}
